
Microsoft Visual Studio Solution File, Format Version 12.00
# Visual Studio 15
VisualStudioVersion = 15.0.27703.2035
MinimumVisualStudioVersion = 10.0.40219.1
Project("{FAE04EC0-301F-11D3-BF4B-00C04F79EFBC}") = "Choinka", "Choinka\Choinka.csproj", "{9BB4F6F7-35A5-49B0-93E1-7DA34493DC7A}"
EndProject
Global
	GlobalSection(SolutionConfigurationPlatforms) = preSolution
		Debug|Any CPU = Debug|Any CPU
		Release|Any CPU = Release|Any CPU
	EndGlobalSection
	GlobalSection(ProjectConfigurationPlatforms) = postSolution
		{9BB4F6F7-35A5-49B0-93E1-7DA34493DC7A}.Debug|Any CPU.ActiveCfg = Debug|Any CPU
		{9BB4F6F7-35A5-49B0-93E1-7DA34493DC7A}.Debug|Any CPU.Build.0 = Debug|Any CPU
		{9BB4F6F7-35A5-49B0-93E1-7DA34493DC7A}.Release|Any CPU.ActiveCfg = Release|Any CPU
		{9BB4F6F7-35A5-49B0-93E1-7DA34493DC7A}.Release|Any CPU.Build.0 = Release|Any CPU
	EndGlobalSection
	GlobalSection(SolutionProperties) = preSolution
		HideSolutionNode = FALSE
	EndGlobalSection
	GlobalSection(ExtensibilityGlobals) = postSolution
		SolutionGuid = {4F3DF728-EBC0-4B59-B1F4-6733E068973D}
	EndGlobalSection
EndGlobal
